
Microsoft Visual Studio Solution File, Format Version 12.00
Project("{FAE04EC0-301F-11D3-BF4B-00C04F79EFBC}") = "TypedClientSample", "TypedClientSample\TypedClientSample.csproj", "{2E22BF79-8CB3-404A-9DBD-357A006663EE}"
EndProject
Project("{FAE04EC0-301F-11D3-BF4B-00C04F79EFBC}") = "WebApplication", "WebApplication\WebApplication.csproj", "{381EE7C8-50FD-4C85-BEF5-46220327857F}"
EndProject
Global
	GlobalSection(SolutionConfigurationPlatforms) = preSolution
		Debug|Any CPU = Debug|Any CPU
		Release|Any CPU = Release|Any CPU
	EndGlobalSection
	GlobalSection(ProjectConfigurationPlatforms) = postSolution
		{2E22BF79-8CB3-404A-9DBD-357A006663EE}.Debug|Any CPU.ActiveCfg = Debug|Any CPU
		{2E22BF79-8CB3-404A-9DBD-357A006663EE}.Debug|Any CPU.Build.0 = Debug|Any CPU
		{2E22BF79-8CB3-404A-9DBD-357A006663EE}.Release|Any CPU.ActiveCfg = Release|Any CPU
		{2E22BF79-8CB3-404A-9DBD-357A006663EE}.Release|Any CPU.Build.0 = Release|Any CPU
		{381EE7C8-50FD-4C85-BEF5-46220327857F}.Debug|Any CPU.ActiveCfg = Debug|Any CPU
		{381EE7C8-50FD-4C85-BEF5-46220327857F}.Debug|Any CPU.Build.0 = Debug|Any CPU
		{381EE7C8-50FD-4C85-BEF5-46220327857F}.Release|Any CPU.ActiveCfg = Release|Any CPU
		{381EE7C8-50FD-4C85-BEF5-46220327857F}.Release|Any CPU.Build.0 = Release|Any CPU
	EndGlobalSection
EndGlobal
